PODS:
  - Sourcery (1.0.2)
  - SwiftyMocky (4.0.3):
    - Sourcery (>= 1.0.2)

DEPENDENCIES:
  - SwiftyMocky (from `https://github.com/MakeAWishFoundation/SwiftyMocky.git`, branch `master`)

SPEC REPOS:
  trunk:
    - Sourcery

EXTERNAL SOURCES:
  SwiftyMocky:
    :branch: master
    :git: https://github.com/MakeAWishFoundation/SwiftyMocky.git

CHECKOUT OPTIONS:
  SwiftyMocky:
    :commit: 461d2e6d5044c116a756b4ea18b4e92ba48414f1
    :git: https://github.com/MakeAWishFoundation/SwiftyMocky.git

SPEC CHECKSUMS:
  Sourcery: e8951e8759ef6a3a0cce412db64832dd23343041
  SwiftyMocky: d3a1d3f4fb6978f34ef7b8acfd3860c089fc24da

PODFILE CHECKSUM: 60ab6864aeda2821dc3ae2d45b1b7d3948e79a5f

COCOAPODS: 1.9.3
