PODS:
  - Sourcery (0.18.0)
  - SwiftyMocky (4.0.0):
    - Sourcery (>= 0.18)
  - SwiftyPrototype (4.0.0):
    - Sourcery (>= 0.18)

DEPENDENCIES:
  - SwiftyMocky (from `https://github.com/MakeAWishFoundation/SwiftyMocky.git`, branch `develop`)
  - SwiftyPrototype (from `https://github.com/MakeAWishFoundation/SwiftyMocky.git`, branch `develop`)

SPEC REPOS:
  trunk:
    - Sourcery

EXTERNAL SOURCES:
  SwiftyMocky:
    :branch: develop
    :git: https://github.com/MakeAWishFoundation/SwiftyMocky.git
  SwiftyPrototype:
    :branch: develop
    :git: https://github.com/MakeAWishFoundation/SwiftyMocky.git

CHECKOUT OPTIONS:
  SwiftyMocky:
    :commit: 801ff2176b1e0c255a4e6117e7677bb1f80c6d7f
    :git: https://github.com/MakeAWishFoundation/SwiftyMocky.git
  SwiftyPrototype:
    :commit: 801ff2176b1e0c255a4e6117e7677bb1f80c6d7f
    :git: https://github.com/MakeAWishFoundation/SwiftyMocky.git

SPEC CHECKSUMS:
  Sourcery: e0e8658a1ce6d9f475156ad3ffce4c68f1261b3e
  SwiftyMocky: 8c701b84442e63efba60cd0f7838cfbbeceed9c9
  SwiftyPrototype: babb9bbf1819d8cad06fc15dbcb89ce8b1295cfa

PODFILE CHECKSUM: 379856370fb8e7fafdc740023f3c0af497a54a81

COCOAPODS: 1.8.4
