{
  "object": {
    "pins": [
      {
        "package": "swiftymocky",
        "repositoryURL": "https://github.com/MakeAWishFoundation/SwiftyMocky",
        "state": {
          "branch": "master",
          "revision": "461d2e6d5044c116a756b4ea18b4e92ba48414f1",
          "version": null
        }
      }
    ]
  },
  "version": 1
}
