{
  "object": {
    "pins": [
      {
        "package": "swiftymocky",
        "repositoryURL": "https://github.com/MakeAWishFoundation/SwiftyMocky",
        "state": {
          "branch": "develop",
          "revision": "801ff2176b1e0c255a4e6117e7677bb1f80c6d7f",
          "version": null
        }
      }
    ]
  },
  "version": 1
}
