{
  "object": {
    "pins": [
      {
        "package": "swiftymocky",
        "repositoryURL": "https://github.com/MakeAWishFoundation/SwiftyMocky",
        "state": {
          "branch": "master",
          "revision": "a5f1d0ce4d50f89d0ad1c3b870d144a769c8fd0b",
          "version": null
        }
      }
    ]
  },
  "version": 1
}
