PODS:
  - Sourcery (0.18.0)
  - SwiftyMocky (4.0.0):
    - Sourcery (>= 0.18)

DEPENDENCIES:
  - SwiftyMocky (from `https://github.com/MakeAWishFoundation/SwiftyMocky.git`, branch `master`)

SPEC REPOS:
  trunk:
    - Sourcery

EXTERNAL SOURCES:
  SwiftyMocky:
    :branch: master
    :git: https://github.com/MakeAWishFoundation/SwiftyMocky.git

CHECKOUT OPTIONS:
  SwiftyMocky:
    :commit: a5f1d0ce4d50f89d0ad1c3b870d144a769c8fd0b
    :git: https://github.com/MakeAWishFoundation/SwiftyMocky.git

SPEC CHECKSUMS:
  Sourcery: e0e8658a1ce6d9f475156ad3ffce4c68f1261b3e
  SwiftyMocky: 8c701b84442e63efba60cd0f7838cfbbeceed9c9

PODFILE CHECKSUM: 15820c6532308bcde0349b8df7820a0fac6fbecf

COCOAPODS: 1.9.3
