// !$*UTF8*$!
{
	archiveVersion = 1;
	classes = {
	};
	objectVersion = 50;
	objects = {

/* Begin PBXBuildFile section */
		8EC5B603FD06AB9533E22CC5 /* libPods-UnitTests.a in Frameworks */ = {isa = PBXBuildFile; fileRef = C6C87D57615EEBADC8E46A5D /* libPods-UnitTests.a */; };
		C8C5B50A2298A8D100E41452 /* AppDelegate.swift in Sources */ = {isa = PBXBuildFile; fileRef = C8C5B5092298A8D100E41452 /* AppDelegate.swift */; };
		C8C5B50C2298A8D100E41452 /* ViewController.swift in Sources */ = {isa = PBXBuildFile; fileRef = C8C5B50B2298A8D100E41452 /* ViewController.swift */; };
		C8C5B50F2298A8D100E41452 /* Main.storyboard in Resources */ = {isa = PBXBuildFile; fileRef = C8C5B50D2298A8D100E41452 /* Main.storyboard */; };
		C8C5B5112298A8D200E41452 /* Assets.xcassets in Resources */ = {isa = PBXBuildFile; fileRef = C8C5B5102298A8D200E41452 /* Assets.xcassets */; };
		C8C5B5142298A8D200E41452 /* LaunchScreen.storyboard in Resources */ = {isa = PBXBuildFile; fileRef = C8C5B5122298A8D200E41452 /* LaunchScreen.storyboard */; };
		C8C5B51F2298A8D200E41452 /* UnitTests.swift in Sources */ = {isa = PBXBuildFile; fileRef = C8C5B51E2298A8D200E41452 /* UnitTests.swift */; };
		C8E33FF02298A9A80099BDFD /* Mock.generated.swift in Sources */ = {isa = PBXBuildFile; fileRef = C8E33FEF2298A9A80099BDFD /* Mock.generated.swift */; };
		F5A7FDF2BAA80AA84813F1A6 /* libPods-Unit.a in Frameworks */ = {isa = PBXBuildFile; fileRef = C80D96434728B1FEB76B8574 /* libPods-Unit.a */; };
/* End PBXBuildFile section */

/* Begin PBXContainerItemProxy section */
		C8C5B51B2298A8D200E41452 /* PBXContainerItemProxy */ = {
			isa = PBXContainerItemProxy;
			containerPortal = C8C5B4FE2298A8D100E41452 /* Project object */;
			proxyType = 1;
			remoteGlobalIDString = C8C5B5052298A8D100E41452;
			remoteInfo = Unit;
		};
/* End PBXContainerItemProxy section */

/* Begin PBXFileReference section */
		018005939EB9E6A75BFD3C8C /* Pods-UnitTests.debug.xcconfig */ = {isa = PBXFileReference; includeInIndex = 1; lastKnownFileType = text.xcconfig; name = "Pods-UnitTests.debug.xcconfig"; path = "Pods/Target Support Files/Pods-UnitTests/Pods-UnitTests.debug.xcconfig"; sourceTree = "<group>"; };
		085200E18ADDF4B71A6D430C /* Pods-Unit.debug.xcconfig */ = {isa = PBXFileReference; includeInIndex = 1; lastKnownFileType = text.xcconfig; name = "Pods-Unit.debug.xcconfig"; path = "Pods/Target Support Files/Pods-Unit/Pods-Unit.debug.xcconfig"; sourceTree = "<group>"; };
		532D0D4AF4260A186954A952 /* Pods-Unit.release.xcconfig */ = {isa = PBXFileReference; includeInIndex = 1; lastKnownFileType = text.xcconfig; name = "Pods-Unit.release.xcconfig"; path = "Pods/Target Support Files/Pods-Unit/Pods-Unit.release.xcconfig"; sourceTree = "<group>"; };
		5FCAA3D11794E0FE7F290ECC /* Pods-UnitTests.release.xcconfig */ = {isa = PBXFileReference; includeInIndex = 1; lastKnownFileType = text.xcconfig; name = "Pods-UnitTests.release.xcconfig"; path = "Pods/Target Support Files/Pods-UnitTests/Pods-UnitTests.release.xcconfig"; sourceTree = "<group>"; };
		C6C87D57615EEBADC8E46A5D /* libPods-UnitTests.a */ = {isa = PBXFileReference; explicitFileType = archive.ar; includeInIndex = 0; path = "libPods-UnitTests.a"; sourceTree = BUILT_PRODUCTS_DIR; };
		C80D96434728B1FEB76B8574 /* libPods-Unit.a */ = {isa = PBXFileReference; explicitFileType = archive.ar; includeInIndex = 0; path = "libPods-Unit.a"; sourceTree = BUILT_PRODUCTS_DIR; };
		C8C5B5062298A8D100E41452 /* Unit.app */ = {isa = PBXFileReference; explicitFileType = wrapper.application; includeInIndex = 0; path = Unit.app; sourceTree = BUILT_PRODUCTS_DIR; };
		C8C5B5092298A8D100E41452 /* AppDelegate.swift */ = {isa = PBXFileReference; lastKnownFileType = sourcecode.swift; path = AppDelegate.swift; sourceTree = "<group>"; };
		C8C5B50B2298A8D100E41452 /* ViewController.swift */ = {isa = PBXFileReference; lastKnownFileType = sourcecode.swift; path = ViewController.swift; sourceTree = "<group>"; };
		C8C5B50E2298A8D100E41452 /* Base */ = {isa = PBXFileReference; lastKnownFileType = file.storyboard; name = Base; path = Base.lproj/Main.storyboard; sourceTree = "<group>"; };
		C8C5B5102298A8D200E41452 /* Assets.xcassets */ = {isa = PBXFileReference; lastKnownFileType = folder.assetcatalog; path = Assets.xcassets; sourceTree = "<group>"; };
		C8C5B5132298A8D200E41452 /* Base */ = {isa = PBXFileReference; lastKnownFileType = file.storyboard; name = Base; path = Base.lproj/LaunchScreen.storyboard; sourceTree = "<group>"; };
		C8C5B5152298A8D200E41452 /* Info.plist */ = {isa = PBXFileReference; lastKnownFileType = text.plist.xml; path = Info.plist; sourceTree = "<group>"; };
		C8C5B51A2298A8D200E41452 /* UnitTests.xctest */ = {isa = PBXFileReference; explicitFileType = wrapper.cfbundle; includeInIndex = 0; path = UnitTests.xctest; sourceTree = BUILT_PRODUCTS_DIR; };
		C8C5B51E2298A8D200E41452 /* UnitTests.swift */ = {isa = PBXFileReference; lastKnownFileType = sourcecode.swift; path = UnitTests.swift; sourceTree = "<group>"; };
		C8C5B5202298A8D200E41452 /* Info.plist */ = {isa = PBXFileReference; lastKnownFileType = text.plist.xml; path = Info.plist; sourceTree = "<group>"; };
		C8E33FEF2298A9A80099BDFD /* Mock.generated.swift */ = {isa = PBXFileReference; fileEncoding = 4; lastKnownFileType = sourcecode.swift; path = Mock.generated.swift; sourceTree = "<group>"; };
/* End PBXFileReference section */

/* Begin PBXFrameworksBuildPhase section */
		C8C5B5032298A8D100E41452 /* Frameworks */ = {
			isa = PBXFrameworksBuildPhase;
			buildActionMask = 2147483647;
			files = (
				F5A7FDF2BAA80AA84813F1A6 /* libPods-Unit.a in Frameworks */,
			);
			runOnlyForDeploymentPostprocessing = 0;
		};
		C8C5B5172298A8D200E41452 /* Frameworks */ = {
			isa = PBXFrameworksBuildPhase;
			buildActionMask = 2147483647;
			files = (
				8EC5B603FD06AB9533E22CC5 /* libPods-UnitTests.a in Frameworks */,
			);
			runOnlyForDeploymentPostprocessing = 0;
		};
/* End PBXFrameworksBuildPhase section */

/* Begin PBXGroup section */
		650D989213394B3EED20ABAF /* Pods */ = {
			isa = PBXGroup;
			children = (
				085200E18ADDF4B71A6D430C /* Pods-Unit.debug.xcconfig */,
				532D0D4AF4260A186954A952 /* Pods-Unit.release.xcconfig */,
				018005939EB9E6A75BFD3C8C /* Pods-UnitTests.debug.xcconfig */,
				5FCAA3D11794E0FE7F290ECC /* Pods-UnitTests.release.xcconfig */,
			);
			name = Pods;
			sourceTree = "<group>";
		};
		C8C5B4FD2298A8D100E41452 = {
			isa = PBXGroup;
			children = (
				C8C5B5082298A8D100E41452 /* Unit */,
				C8C5B51D2298A8D200E41452 /* UnitTests */,
				C8C5B5072298A8D100E41452 /* Products */,
				650D989213394B3EED20ABAF /* Pods */,
				EB103AF0BC3ABB1C7BC8BCFA /* Frameworks */,
			);
			sourceTree = "<group>";
		};
		C8C5B5072298A8D100E41452 /* Products */ = {
			isa = PBXGroup;
			children = (
				C8C5B5062298A8D100E41452 /* Unit.app */,
				C8C5B51A2298A8D200E41452 /* UnitTests.xctest */,
			);
			name = Products;
			sourceTree = "<group>";
		};
		C8C5B5082298A8D100E41452 /* Unit */ = {
			isa = PBXGroup;
			children = (
				C8C5B5092298A8D100E41452 /* AppDelegate.swift */,
				C8C5B50B2298A8D100E41452 /* ViewController.swift */,
				C8C5B50D2298A8D100E41452 /* Main.storyboard */,
				C8C5B5102298A8D200E41452 /* Assets.xcassets */,
				C8C5B5122298A8D200E41452 /* LaunchScreen.storyboard */,
				C8C5B5152298A8D200E41452 /* Info.plist */,
			);
			path = Unit;
			sourceTree = "<group>";
		};
		C8C5B51D2298A8D200E41452 /* UnitTests */ = {
			isa = PBXGroup;
			children = (
				C8E33FEF2298A9A80099BDFD /* Mock.generated.swift */,
				C8C5B51E2298A8D200E41452 /* UnitTests.swift */,
				C8C5B5202298A8D200E41452 /* Info.plist */,
			);
			path = UnitTests;
			sourceTree = "<group>";
		};
		EB103AF0BC3ABB1C7BC8BCFA /* Frameworks */ = {
			isa = PBXGroup;
			children = (
				C80D96434728B1FEB76B8574 /* libPods-Unit.a */,
				C6C87D57615EEBADC8E46A5D /* libPods-UnitTests.a */,
			);
			name = Frameworks;
			sourceTree = "<group>";
		};
/* End PBXGroup section */

/* Begin PBXNativeTarget section */
		C8C5B5052298A8D100E41452 /* Unit */ = {
			isa = PBXNativeTarget;
			buildConfigurationList = C8C5B5232298A8D200E41452 /* Build configuration list for PBXNativeTarget "Unit" */;
			buildPhases = (
				B63DFC235972E6C0200BD975 /* [CP] Check Pods Manifest.lock */,
				C8C5B5022298A8D100E41452 /* Sources */,
				C8C5B5032298A8D100E41452 /* Frameworks */,
				C8C5B5042298A8D100E41452 /* Resources */,
			);
			buildRules = (
			);
			dependencies = (
			);
			name = Unit;
			productName = Unit;
			productReference = C8C5B5062298A8D100E41452 /* Unit.app */;
			productType = "com.apple.product-type.application";
		};
		C8C5B5192298A8D200E41452 /* UnitTests */ = {
			isa = PBXNativeTarget;
			buildConfigurationList = C8C5B5262298A8D200E41452 /* Build configuration list for PBXNativeTarget "UnitTests" */;
			buildPhases = (
				66948D2DCC2F4210D71DFA4A /* [CP] Check Pods Manifest.lock */,
				C8C5B5162298A8D200E41452 /* Sources */,
				C8C5B5172298A8D200E41452 /* Frameworks */,
				C8C5B5182298A8D200E41452 /* Resources */,
				0DCE8FCA3A93F5EBD64D91F7 /* [CP] Copy Pods Resources */,
			);
			buildRules = (
			);
			dependencies = (
				C8C5B51C2298A8D200E41452 /* PBXTargetDependency */,
			);
			name = UnitTests;
			productName = UnitTests;
			productReference = C8C5B51A2298A8D200E41452 /* UnitTests.xctest */;
			productType = "com.apple.product-type.bundle.unit-test";
		};
/* End PBXNativeTarget section */

/* Begin PBXProject section */
		C8C5B4FE2298A8D100E41452 /* Project object */ = {
			isa = PBXProject;
			attributes = {
				LastSwiftUpdateCheck = 1020;
				LastUpgradeCheck = 1020;
				ORGANIZATIONNAME = MakeAWishFoundation;
				TargetAttributes = {
					C8C5B5052298A8D100E41452 = {
						CreatedOnToolsVersion = 10.2.1;
					};
					C8C5B5192298A8D200E41452 = {
						CreatedOnToolsVersion = 10.2.1;
						TestTargetID = C8C5B5052298A8D100E41452;
					};
				};
			};
			buildConfigurationList = C8C5B5012298A8D100E41452 /* Build configuration list for PBXProject "Unit" */;
			compatibilityVersion = "Xcode 9.3";
			developmentRegion = en;
			hasScannedForEncodings = 0;
			knownRegions = (
				en,
				Base,
			);
			mainGroup = C8C5B4FD2298A8D100E41452;
			productRefGroup = C8C5B5072298A8D100E41452 /* Products */;
			projectDirPath = "";
			projectRoot = "";
			targets = (
				C8C5B5052298A8D100E41452 /* Unit */,
				C8C5B5192298A8D200E41452 /* UnitTests */,
			);
		};
/* End PBXProject section */

/* Begin PBXResourcesBuildPhase section */
		C8C5B5042298A8D100E41452 /* Resources */ = {
			isa = PBXResourcesBuildPhase;
			buildActionMask = 2147483647;
			files = (
				C8C5B5142298A8D200E41452 /* LaunchScreen.storyboard in Resources */,
				C8C5B5112298A8D200E41452 /* Assets.xcassets in Resources */,
				C8C5B50F2298A8D100E41452 /* Main.storyboard in Resources */,
			);
			runOnlyForDeploymentPostprocessing = 0;
		};
		C8C5B5182298A8D200E41452 /* Resources */ = {
			isa = PBXResourcesBuildPhase;
			buildActionMask = 2147483647;
			files = (
			);
			runOnlyForDeploymentPostprocessing = 0;
		};
/* End PBXResourcesBuildPhase section */

/* Begin PBXShellScriptBuildPhase section */
		0DCE8FCA3A93F5EBD64D91F7 /* [CP] Copy Pods Resources */ = {
			isa = PBXShellScriptBuildPhase;
			buildActionMask = 2147483647;
			files = (
			);
			inputFileListPaths = (
			);
			inputPaths = (
				"${SRCROOT}/Pods/Target Support Files/Pods-UnitTests/Pods-UnitTests-resources.sh",
				"${PODS_ROOT}/SwiftyMocky/get_sourcery.sh",
				"${PODS_ROOT}/SwiftyMocky/Sources/Templates/Mock.swifttemplate",
			);
			name = "[CP] Copy Pods Resources";
			outputFileListPaths = (
			);
			outputPaths = (
				"${TARGET_BUILD_DIR}/${UNLOCALIZED_RESOURCES_FOLDER_PATH}/get_sourcery.sh",
				"${TARGET_BUILD_DIR}/${UNLOCALIZED_RESOURCES_FOLDER_PATH}/Mock.swifttemplate",
			);
			runOnlyForDeploymentPostprocessing = 0;
			shellPath = /bin/sh;
			shellScript = "\"${SRCROOT}/Pods/Target Support Files/Pods-UnitTests/Pods-UnitTests-resources.sh\"\n";
			showEnvVarsInLog = 0;
		};
		66948D2DCC2F4210D71DFA4A /* [CP] Check Pods Manifest.lock */ = {
			isa = PBXShellScriptBuildPhase;
			buildActionMask = 2147483647;
			files = (
			);
			inputFileListPaths = (
			);
			inputPaths = (
				"${PODS_PODFILE_DIR_PATH}/Podfile.lock",
				"${PODS_ROOT}/Manifest.lock",
			);
			name = "[CP] Check Pods Manifest.lock";
			outputFileListPaths = (
			);
			outputPaths = (
				"$(DERIVED_FILE_DIR)/Pods-UnitTests-checkManifestLockResult.txt",
			);
			runOnlyForDeploymentPostprocessing = 0;
			shellPath = /bin/sh;
			shellScript = "diff \"${PODS_PODFILE_DIR_PATH}/Podfile.lock\" \"${PODS_ROOT}/Manifest.lock\" > /dev/null\nif [ $? != 0 ] ; then\n    # print error to STDERR\n    echo \"error: The sandbox is not in sync with the Podfile.lock. Run 'pod install' or update your CocoaPods installation.\" >&2\n    exit 1\nfi\n# This output is used by Xcode 'outputs' to avoid re-running this script phase.\necho \"SUCCESS\" > \"${SCRIPT_OUTPUT_FILE_0}\"\n";
			showEnvVarsInLog = 0;
		};
		B63DFC235972E6C0200BD975 /* [CP] Check Pods Manifest.lock */ = {
			isa = PBXShellScriptBuildPhase;
			buildActionMask = 2147483647;
			files = (
			);
			inputFileListPaths = (
			);
			inputPaths = (
				"${PODS_PODFILE_DIR_PATH}/Podfile.lock",
				"${PODS_ROOT}/Manifest.lock",
			);
			name = "[CP] Check Pods Manifest.lock";
			outputFileListPaths = (
			);
			outputPaths = (
				"$(DERIVED_FILE_DIR)/Pods-Unit-checkManifestLockResult.txt",
			);
			runOnlyForDeploymentPostprocessing = 0;
			shellPath = /bin/sh;
			shellScript = "diff \"${PODS_PODFILE_DIR_PATH}/Podfile.lock\" \"${PODS_ROOT}/Manifest.lock\" > /dev/null\nif [ $? != 0 ] ; then\n    # print error to STDERR\n    echo \"error: The sandbox is not in sync with the Podfile.lock. Run 'pod install' or update your CocoaPods installation.\" >&2\n    exit 1\nfi\n# This output is used by Xcode 'outputs' to avoid re-running this script phase.\necho \"SUCCESS\" > \"${SCRIPT_OUTPUT_FILE_0}\"\n";
			showEnvVarsInLog = 0;
		};
/* End PBXShellScriptBuildPhase section */

/* Begin PBXSourcesBuildPhase section */
		C8C5B5022298A8D100E41452 /* Sources */ = {
			isa = PBXSourcesBuildPhase;
			buildActionMask = 2147483647;
			files = (
				C8C5B50C2298A8D100E41452 /* ViewController.swift in Sources */,
				C8C5B50A2298A8D100E41452 /* AppDelegate.swift in Sources */,
			);
			runOnlyForDeploymentPostprocessing = 0;
		};
		C8C5B5162298A8D200E41452 /* Sources */ = {
			isa = PBXSourcesBuildPhase;
			buildActionMask = 2147483647;
			files = (
				C8E33FF02298A9A80099BDFD /* Mock.generated.swift in Sources */,
				C8C5B51F2298A8D200E41452 /* UnitTests.swift in Sources */,
			);
			runOnlyForDeploymentPostprocessing = 0;
		};
/* End PBXSourcesBuildPhase section */

/* Begin PBXTargetDependency section */
		C8C5B51C2298A8D200E41452 /* PBXTargetDependency */ = {
			isa = PBXTargetDependency;
			target = C8C5B5052298A8D100E41452 /* Unit */;
			targetProxy = C8C5B51B2298A8D200E41452 /* PBXContainerItemProxy */;
		};
/* End PBXTargetDependency section */

/* Begin PBXVariantGroup section */
		C8C5B50D2298A8D100E41452 /* Main.storyboard */ = {
			isa = PBXVariantGroup;
			children = (
				C8C5B50E2298A8D100E41452 /* Base */,
			);
			name = Main.storyboard;
			sourceTree = "<group>";
		};
		C8C5B5122298A8D200E41452 /* LaunchScreen.storyboard */ = {
			isa = PBXVariantGroup;
			children = (
				C8C5B5132298A8D200E41452 /* Base */,
			);
			name = LaunchScreen.storyboard;
			sourceTree = "<group>";
		};
/* End PBXVariantGroup section */

/* Begin XCBuildConfiguration section */
		C8C5B5212298A8D200E41452 /* Debug */ = {
			isa = XCBuildConfiguration;
			buildSettings = {
				ALWAYS_SEARCH_USER_PATHS = NO;
				CLANG_ANALYZER_NONNULL = YES;
				CLANG_ANALYZER_NUMBER_OBJECT_CONVERSION = YES_AGGRESSIVE;
				CLANG_CXX_LANGUAGE_STANDARD = "gnu++14";
				CLANG_CXX_LIBRARY = "libc++";
				CLANG_ENABLE_MODULES = YES;
				CLANG_ENABLE_OBJC_ARC = YES;
				CLANG_ENABLE_OBJC_WEAK = YES;
				CLANG_WARN_BLOCK_CAPTURE_AUTORELEASING = YES;
				CLANG_WARN_BOOL_CONVERSION = YES;
				CLANG_WARN_COMMA = YES;
				CLANG_WARN_CONSTANT_CONVERSION = YES;
				CLANG_WARN_DEPRECATED_OBJC_IMPLEMENTATIONS = YES;
				CLANG_WARN_DIRECT_OBJC_ISA_USAGE = YES_ERROR;
				CLANG_WARN_DOCUMENTATION_COMMENTS = YES;
				CLANG_WARN_EMPTY_BODY = YES;
				CLANG_WARN_ENUM_CONVERSION = YES;
				CLANG_WARN_INFINITE_RECURSION = YES;
				CLANG_WARN_INT_CONVERSION = YES;
				CLANG_WARN_NON_LITERAL_NULL_CONVERSION = YES;
				CLANG_WARN_OBJC_IMPLICIT_RETAIN_SELF = YES;
				CLANG_WARN_OBJC_LITERAL_CONVERSION = YES;
				CLANG_WARN_OBJC_ROOT_CLASS = YES_ERROR;
				CLANG_WARN_RANGE_LOOP_ANALYSIS = YES;
				CLANG_WARN_STRICT_PROTOTYPES = YES;
				CLANG_WARN_SUSPICIOUS_MOVE = YES;
				CLANG_WARN_UNGUARDED_AVAILABILITY = YES_AGGRESSIVE;
				CLANG_WARN_UNREACHABLE_CODE = YES;
				CLANG_WARN__DUPLICATE_METHOD_MATCH = YES;
				CODE_SIGN_IDENTITY = "iPhone Developer";
				COPY_PHASE_STRIP = NO;
				DEBUG_INFORMATION_FORMAT = dwarf;
				ENABLE_STRICT_OBJC_MSGSEND = YES;
				ENABLE_TESTABILITY = YES;
				GCC_C_LANGUAGE_STANDARD = gnu11;
				GCC_DYNAMIC_NO_PIC = NO;
				GCC_NO_COMMON_BLOCKS = YES;
				GCC_OPTIMIZATION_LEVEL = 0;
				GCC_PREPROCESSOR_DEFINITIONS = (
					"DEBUG=1",
					"$(inherited)",
				);
				GCC_WARN_64_TO_32_BIT_CONVERSION = YES;
				GCC_WARN_ABOUT_RETURN_TYPE = YES_ERROR;
				GCC_WARN_UNDECLARED_SELECTOR = YES;
				GCC_WARN_UNINITIALIZED_AUTOS = YES_AGGRESSIVE;
				GCC_WARN_UNUSED_FUNCTION = YES;
				GCC_WARN_UNUSED_VARIABLE = YES;
				IPHONEOS_DEPLOYMENT_TARGET = 12.0;
				MTL_ENABLE_DEBUG_INFO = INCLUDE_SOURCE;
				MTL_FAST_MATH = YES;
				ONLY_ACTIVE_ARCH = YES;
				SDKROOT = iphoneos;
				SWIFT_ACTIVE_COMPILATION_CONDITIONS = DEBUG;
				SWIFT_OPTIMIZATION_LEVEL = "-Onone";
			};
			name = Debug;
		};
		C8C5B5222298A8D200E41452 /* Release */ = {
			isa = XCBuildConfiguration;
			buildSettings = {
				ALWAYS_SEARCH_USER_PATHS = NO;
				CLANG_ANALYZER_NONNULL = YES;
				CLANG_ANALYZER_NUMBER_OBJECT_CONVERSION = YES_AGGRESSIVE;
				CLANG_CXX_LANGUAGE_STANDARD = "gnu++14";
				CLANG_CXX_LIBRARY = "libc++";
				CLANG_ENABLE_MODULES = YES;
				CLANG_ENABLE_OBJC_ARC = YES;
				CLANG_ENABLE_OBJC_WEAK = YES;
				CLANG_WARN_BLOCK_CAPTURE_AUTORELEASING = YES;
				CLANG_WARN_BOOL_CONVERSION = YES;
				CLANG_WARN_COMMA = YES;
				CLANG_WARN_CONSTANT_CONVERSION = YES;
				CLANG_WARN_DEPRECATED_OBJC_IMPLEMENTATIONS = YES;
				CLANG_WARN_DIRECT_OBJC_ISA_USAGE = YES_ERROR;
				CLANG_WARN_DOCUMENTATION_COMMENTS = YES;
				CLANG_WARN_EMPTY_BODY = YES;
				CLANG_WARN_ENUM_CONVERSION = YES;
				CLANG_WARN_INFINITE_RECURSION = YES;
				CLANG_WARN_INT_CONVERSION = YES;
				CLANG_WARN_NON_LITERAL_NULL_CONVERSION = YES;
				CLANG_WARN_OBJC_IMPLICIT_RETAIN_SELF = YES;
				CLANG_WARN_OBJC_LITERAL_CONVERSION = YES;
				CLANG_WARN_OBJC_ROOT_CLASS = YES_ERROR;
				CLANG_WARN_RANGE_LOOP_ANALYSIS = YES;
				CLANG_WARN_STRICT_PROTOTYPES = YES;
				CLANG_WARN_SUSPICIOUS_MOVE = YES;
				CLANG_WARN_UNGUARDED_AVAILABILITY = YES_AGGRESSIVE;
				CLANG_WARN_UNREACHABLE_CODE = YES;
				CLANG_WARN__DUPLICATE_METHOD_MATCH = YES;
				CODE_SIGN_IDENTITY = "iPhone Developer";
				COPY_PHASE_STRIP = NO;
				DEBUG_INFORMATION_FORMAT = "dwarf-with-dsym";
				ENABLE_NS_ASSERTIONS = NO;
				ENABLE_STRICT_OBJC_MSGSEND = YES;
				GCC_C_LANGUAGE_STANDARD = gnu11;
				GCC_NO_COMMON_BLOCKS = YES;
				GCC_WARN_64_TO_32_BIT_CONVERSION = YES;
				GCC_WARN_ABOUT_RETURN_TYPE = YES_ERROR;
				GCC_WARN_UNDECLARED_SELECTOR = YES;
				GCC_WARN_UNINITIALIZED_AUTOS = YES_AGGRESSIVE;
				GCC_WARN_UNUSED_FUNCTION = YES;
				GCC_WARN_UNUSED_VARIABLE = YES;
				IPHONEOS_DEPLOYMENT_TARGET = 12.0;
				MTL_ENABLE_DEBUG_INFO = NO;
				MTL_FAST_MATH = YES;
				SDKROOT = iphoneos;
				SWIFT_COMPILATION_MODE = wholemodule;
				SWIFT_OPTIMIZATION_LEVEL = "-O";
				VALIDATE_PRODUCT = YES;
			};
			name = Release;
		};
		C8C5B5242298A8D200E41452 /* Debug */ = {
			isa = XCBuildConfiguration;
			baseConfigurationReference = 085200E18ADDF4B71A6D430C /* Pods-Unit.debug.xcconfig */;
			buildSettings = {
				ASSETCATALOG_COMPILER_APPICON_NAME = AppIcon;
				CODE_SIGN_STYLE = Automatic;
				DEVELOPMENT_TEAM = YYAKJ5SR76;
				INFOPLIST_FILE = Unit/Info.plist;
				LD_RUNPATH_SEARCH_PATHS = (
					"$(inherited)",
					"@executable_path/Frameworks",
				);
				PRODUCT_BUNDLE_IDENTIFIER = com.test.Unit;
				PRODUCT_NAME = "$(TARGET_NAME)";
				SWIFT_VERSION = 5.0;
				TARGETED_DEVICE_FAMILY = "1,2";
			};
			name = Debug;
		};
		C8C5B5252298A8D200E41452 /* Release */ = {
			isa = XCBuildConfiguration;
			baseConfigurationReference = 532D0D4AF4260A186954A952 /* Pods-Unit.release.xcconfig */;
			buildSettings = {
				ASSETCATALOG_COMPILER_APPICON_NAME = AppIcon;
				CODE_SIGN_STYLE = Automatic;
				DEVELOPMENT_TEAM = YYAKJ5SR76;
				INFOPLIST_FILE = Unit/Info.plist;
				LD_RUNPATH_SEARCH_PATHS = (
					"$(inherited)",
					"@executable_path/Frameworks",
				);
				PRODUCT_BUNDLE_IDENTIFIER = com.test.Unit;
				PRODUCT_NAME = "$(TARGET_NAME)";
				SWIFT_VERSION = 5.0;
				TARGETED_DEVICE_FAMILY = "1,2";
			};
			name = Release;
		};
		C8C5B5272298A8D200E41452 /* Debug */ = {
			isa = XCBuildConfiguration;
			baseConfigurationReference = 018005939EB9E6A75BFD3C8C /* Pods-UnitTests.debug.xcconfig */;
			buildSettings = {
				BUNDLE_LOADER = "$(TEST_HOST)";
				CODE_SIGN_STYLE = Automatic;
				DEVELOPMENT_TEAM = YYAKJ5SR76;
				INFOPLIST_FILE = UnitTests/Info.plist;
				LD_RUNPATH_SEARCH_PATHS = (
					"$(inherited)",
					"@executable_path/Frameworks",
					"@loader_path/Frameworks",
				);
				PRODUCT_BUNDLE_IDENTIFIER = com.test.UnitTests;
				PRODUCT_NAME = "$(TARGET_NAME)";
				SWIFT_VERSION = 5.0;
				TARGETED_DEVICE_FAMILY = "1,2";
				TEST_HOST = "$(BUILT_PRODUCTS_DIR)/Unit.app/Unit";
			};
			name = Debug;
		};
		C8C5B5282298A8D200E41452 /* Release */ = {
			isa = XCBuildConfiguration;
			baseConfigurationReference = 5FCAA3D11794E0FE7F290ECC /* Pods-UnitTests.release.xcconfig */;
			buildSettings = {
				BUNDLE_LOADER = "$(TEST_HOST)";
				CODE_SIGN_STYLE = Automatic;
				DEVELOPMENT_TEAM = YYAKJ5SR76;
				INFOPLIST_FILE = UnitTests/Info.plist;
				LD_RUNPATH_SEARCH_PATHS = (
					"$(inherited)",
					"@executable_path/Frameworks",
					"@loader_path/Frameworks",
				);
				PRODUCT_BUNDLE_IDENTIFIER = com.test.UnitTests;
				PRODUCT_NAME = "$(TARGET_NAME)";
				SWIFT_VERSION = 5.0;
				TARGETED_DEVICE_FAMILY = "1,2";
				TEST_HOST = "$(BUILT_PRODUCTS_DIR)/Unit.app/Unit";
			};
			name = Release;
		};
/* End XCBuildConfiguration section */

/* Begin XCConfigurationList section */
		C8C5B5012298A8D100E41452 /* Build configuration list for PBXProject "Unit" */ = {
			isa = XCConfigurationList;
			buildConfigurations = (
				C8C5B5212298A8D200E41452 /* Debug */,
				C8C5B5222298A8D200E41452 /* Release */,
			);
			defaultConfigurationIsVisible = 0;
			defaultConfigurationName = Release;
		};
		C8C5B5232298A8D200E41452 /* Build configuration list for PBXNativeTarget "Unit" */ = {
			isa = XCConfigurationList;
			buildConfigurations = (
				C8C5B5242298A8D200E41452 /* Debug */,
				C8C5B5252298A8D200E41452 /* Release */,
			);
			defaultConfigurationIsVisible = 0;
			defaultConfigurationName = Release;
		};
		C8C5B5262298A8D200E41452 /* Build configuration list for PBXNativeTarget "UnitTests" */ = {
			isa = XCConfigurationList;
			buildConfigurations = (
				C8C5B5272298A8D200E41452 /* Debug */,
				C8C5B5282298A8D200E41452 /* Release */,
			);
			defaultConfigurationIsVisible = 0;
			defaultConfigurationName = Release;
		};
/* End XCConfigurationList section */
	};
	rootObject = C8C5B4FE2298A8D100E41452 /* Project object */;
}
